
Microsoft Visual Studio Solution File, Format Version 12.00
# Visual Studio Version 16
VisualStudioVersion = 16.0.30516.212
MinimumVisualStudioVersion = 10.0.40219.1
Project("{9A19103F-16F7-4668-BE54-9A1E7A4F7556}") = "StageRaceFantasy.Server", "StageRaceFantasy\Server\StageRaceFantasy.Server.csproj", "{1E4C83FD-9834-48BE-B24A-F5FFC18747C5}"
EndProject
Project("{9A19103F-16F7-4668-BE54-9A1E7A4F7556}") = "StageRaceFantasy.Client", "StageRaceFantasy\Client\StageRaceFantasy.Client.csproj", "{F64BA549-8A0A-404C-B5AF-F6C01493209E}"
EndProject
Project("{9A19103F-16F7-4668-BE54-9A1E7A4F7556}") = "StageRaceFantasy.Domain", "StageRaceFantasy\Shared\StageRaceFantasy.Domain.csproj", "{0F296D91-2D47-4A08-8DB0-2C38D980CAB8}"
EndProject
Project("{FAE04EC0-301F-11D3-BF4B-00C04F79EFBC}") = "StageRaceFantasy.Infrastructure", "StageRaceFantasy.Infrastructure\StageRaceFantasy.Infrastructure.csproj", "{4C7AC3CD-CDBC-4B8E-BDD9-385C38919D77}"
EndProject
Project("{FAE04EC0-301F-11D3-BF4B-00C04F79EFBC}") = "StageRaceFantasy.Application", "StageRaceFantasy.Application\StageRaceFantasy.Application.csproj", "{3B80E030-945E-4CEE-A4C5-9A6C4B57CF01}"
EndProject
Global
	GlobalSection(SolutionConfigurationPlatforms) = preSolution
		Debug|Any CPU = Debug|Any CPU
		Release|Any CPU = Release|Any CPU
	EndGlobalSection
	GlobalSection(ProjectConfigurationPlatforms) = postSolution
		{1E4C83FD-9834-48BE-B24A-F5FFC18747C5}.Debug|Any CPU.ActiveCfg = Debug|Any CPU
		{1E4C83FD-9834-48BE-B24A-F5FFC18747C5}.Debug|Any CPU.Build.0 = Debug|Any CPU
		{1E4C83FD-9834-48BE-B24A-F5FFC18747C5}.Release|Any CPU.ActiveCfg = Release|Any CPU
		{1E4C83FD-9834-48BE-B24A-F5FFC18747C5}.Release|Any CPU.Build.0 = Release|Any CPU
		{F64BA549-8A0A-404C-B5AF-F6C01493209E}.Debug|Any CPU.ActiveCfg = Debug|Any CPU
		{F64BA549-8A0A-404C-B5AF-F6C01493209E}.Debug|Any CPU.Build.0 = Debug|Any CPU
		{F64BA549-8A0A-404C-B5AF-F6C01493209E}.Release|Any CPU.ActiveCfg = Release|Any CPU
		{F64BA549-8A0A-404C-B5AF-F6C01493209E}.Release|Any CPU.Build.0 = Release|Any CPU
		{0F296D91-2D47-4A08-8DB0-2C38D980CAB8}.Debug|Any CPU.ActiveCfg = Debug|Any CPU
		{0F296D91-2D47-4A08-8DB0-2C38D980CAB8}.Debug|Any CPU.Build.0 = Debug|Any CPU
		{0F296D91-2D47-4A08-8DB0-2C38D980CAB8}.Release|Any CPU.ActiveCfg = Release|Any CPU
		{0F296D91-2D47-4A08-8DB0-2C38D980CAB8}.Release|Any CPU.Build.0 = Release|Any CPU
		{4C7AC3CD-CDBC-4B8E-BDD9-385C38919D77}.Debug|Any CPU.ActiveCfg = Debug|Any CPU
		{4C7AC3CD-CDBC-4B8E-BDD9-385C38919D77}.Debug|Any CPU.Build.0 = Debug|Any CPU
		{4C7AC3CD-CDBC-4B8E-BDD9-385C38919D77}.Release|Any CPU.ActiveCfg = Release|Any CPU
		{4C7AC3CD-CDBC-4B8E-BDD9-385C38919D77}.Release|Any CPU.Build.0 = Release|Any CPU
		{3B80E030-945E-4CEE-A4C5-9A6C4B57CF01}.Debug|Any CPU.ActiveCfg = Debug|Any CPU
		{3B80E030-945E-4CEE-A4C5-9A6C4B57CF01}.Debug|Any CPU.Build.0 = Debug|Any CPU
		{3B80E030-945E-4CEE-A4C5-9A6C4B57CF01}.Release|Any CPU.ActiveCfg = Release|Any CPU
		{3B80E030-945E-4CEE-A4C5-9A6C4B57CF01}.Release|Any CPU.Build.0 = Release|Any CPU
	EndGlobalSection
	GlobalSection(SolutionProperties) = preSolution
		HideSolutionNode = FALSE
	EndGlobalSection
	GlobalSection(ExtensibilityGlobals) = postSolution
		SolutionGuid = {3F69BC24-77E9-4E45-964B-0B24DDA6A90E}
	EndGlobalSection
EndGlobal
